
Microsoft Visual Studio Solution File, Format Version 12.00
# Visual Studio 2012
Project("{FAE04EC0-301F-11D3-BF4B-00C04F79EFBC}") = "Barcode_Test_Status_Monitor", "Barcode_Test_Status_Monitor\Barcode_Test_Status_Monitor.csproj", "{2BD98613-0785-4D9F-985C-ACF6ADF7362B}"
EndProject
Global
	GlobalSection(SolutionConfigurationPlatforms) = preSolution
		Debug|Any CPU = Debug|Any CPU
		Release|Any CPU = Release|Any CPU
	EndGlobalSection
	GlobalSection(ProjectConfigurationPlatforms) = postSolution
		{2BD98613-0785-4D9F-985C-ACF6ADF7362B}.Debug|Any CPU.ActiveCfg = Debug|Any CPU
		{2BD98613-0785-4D9F-985C-ACF6ADF7362B}.Debug|Any CPU.Build.0 = Debug|Any CPU
		{2BD98613-0785-4D9F-985C-ACF6ADF7362B}.Release|Any CPU.ActiveCfg = Release|Any CPU
		{2BD98613-0785-4D9F-985C-ACF6ADF7362B}.Release|Any CPU.Build.0 = Release|Any CPU
	EndGlobalSection
	GlobalSection(SolutionProperties) = preSolution
		HideSolutionNode = FALSE
	EndGlobalSection
EndGlobal
